// !$*UTF8*$!
{
	archiveVersion = 1;
	classes = {
	};
	objectVersion = 50;
	objects = {

/* Begin PBXBuildFile section */
		513BEF25244F3E9C00B42F5B /* Task.m in Sources */ = {isa = PBXBuildFile; fileRef = 513BEF24244F3E9C00B42F5B /* Task.m */; };
		513BEF28244FA10400B42F5B /* Tab.m in Sources */ = {isa = PBXBuildFile; fileRef = 513BEF27244FA10400B42F5B /* Tab.m */; };
		513BEF2E2450D70500B42F5B /* TasksTable.m in Sources */ = {isa = PBXBuildFile; fileRef = 513BEF2D2450D70500B42F5B /* TasksTable.m */; };
		513BEF312450EFCB00B42F5B /* User.m in Sources */ = {isa = PBXBuildFile; fileRef = 513BEF302450EFCB00B42F5B /* User.m */; };
		51EF16CD24476F0E004B27D0 /* AppDelegate.m in Sources */ = {isa = PBXBuildFile; fileRef = 51EF16CC24476F0E004B27D0 /* AppDelegate.m */; };
		51EF16D024476F0E004B27D0 /* SceneDelegate.m in Sources */ = {isa = PBXBuildFile; fileRef = 51EF16CF24476F0E004B27D0 /* SceneDelegate.m */; };
		51EF16D324476F0E004B27D0 /* MainViewController.m in Sources */ = {isa = PBXBuildFile; fileRef = 51EF16D224476F0E004B27D0 /* MainViewController.m */; };
		51EF16D624476F0E004B27D0 /* Main.storyboard in Resources */ = {isa = PBXBuildFile; fileRef = 51EF16D424476F0E004B27D0 /* Main.storyboard */; };
		51EF16D824476F11004B27D0 /* Assets.xcassets in Resources */ = {isa = PBXBuildFile; fileRef = 51EF16D724476F11004B27D0 /* Assets.xcassets */; };
		51EF16DB24476F11004B27D0 /* LaunchScreen.storyboard in Resources */ = {isa = PBXBuildFile; fileRef = 51EF16D924476F11004B27D0 /* LaunchScreen.storyboard */; };
		51EF16DE24476F11004B27D0 /* main.m in Sources */ = {isa = PBXBuildFile; fileRef = 51EF16DD24476F11004B27D0 /* main.m */; };
		51EF16E824476F11004B27D0 /* ClerkTests.m in Sources */ = {isa = PBXBuildFile; fileRef = 51EF16E724476F11004B27D0 /* ClerkTests.m */; };
		51EF16F324476F11004B27D0 /* ClerkUITests.m in Sources */ = {isa = PBXBuildFile; fileRef = 51EF16F224476F11004B27D0 /* ClerkUITests.m */; };
		51F8981D24536FA800F1A817 /* FastSegue.m in Sources */ = {isa = PBXBuildFile; fileRef = 51F8981C24536FA800F1A817 /* FastSegue.m */; };
		51F898202453700400F1A817 /* TabViewController.m in Sources */ = {isa = PBXBuildFile; fileRef = 51F8981F2453700400F1A817 /* TabViewController.m */; };
		51FF7FBF245D1E1F003A0A45 /* IndividualTabViewController.m in Sources */ = {isa = PBXBuildFile; fileRef = 51FF7FBE245D1E1F003A0A45 /* IndividualTabViewController.m */; };
		51FF7FC2245D393A003A0A45 /* TaskContainerViewController.m in Sources */ = {isa = PBXBuildFile; fileRef = 51FF7FC1245D393A003A0A45 /* TaskContainerViewController.m */; };
		51FF7FC5245DCE46003A0A45 /* NotesContainerViewController.m in Sources */ = {isa = PBXBuildFile; fileRef = 51FF7FC4245DCE46003A0A45 /* NotesContainerViewController.m */; };
		51FF7FC8245DD173003A0A45 /* Note.m in Sources */ = {isa = PBXBuildFile; fileRef = 51FF7FC7245DD173003A0A45 /* Note.m */; };
		51FF7FCB245DDEF7003A0A45 /* NewNoteContainerViewController.m in Sources */ = {isa = PBXBuildFile; fileRef = 51FF7FCA245DDEF7003A0A45 /* NewNoteContainerViewController.m */; };
/* End PBXBuildFile section */

/* Begin PBXContainerItemProxy section */
		51EF16E424476F11004B27D0 /* PBXContainerItemProxy */ = {
			isa = PBXContainerItemProxy;
			containerPortal = 51EF16C024476F0E004B27D0 /* Project object */;
			proxyType = 1;
			remoteGlobalIDString = 51EF16C724476F0E004B27D0;
			remoteInfo = Clerk;
		};
		51EF16EF24476F11004B27D0 /* PBXContainerItemProxy */ = {
			isa = PBXContainerItemProxy;
			containerPortal = 51EF16C024476F0E004B27D0 /* Project object */;
			proxyType = 1;
			remoteGlobalIDString = 51EF16C724476F0E004B27D0;
			remoteInfo = Clerk;
		};
/* End PBXContainerItemProxy section */

/* Begin PBXFileReference section */
		513BEF23244F3E9C00B42F5B /* Task.h */ = {isa = PBXFileReference; lastKnownFileType = sourcecode.c.h; path = Task.h; sourceTree = "<group>"; };
		513BEF24244F3E9C00B42F5B /* Task.m */ = {isa = PBXFileReference; lastKnownFileType = sourcecode.c.objc; path = Task.m; sourceTree = "<group>"; };
		513BEF26244FA10400B42F5B /* Tab.h */ = {isa = PBXFileReference; lastKnownFileType = sourcecode.c.h; path = Tab.h; sourceTree = "<group>"; };
		513BEF27244FA10400B42F5B /* Tab.m */ = {isa = PBXFileReference; lastKnownFileType = sourcecode.c.objc; path = Tab.m; sourceTree = "<group>"; };
		513BEF2C2450D70500B42F5B /* TasksTable.h */ = {isa = PBXFileReference; lastKnownFileType = sourcecode.c.h; path = TasksTable.h; sourceTree = "<group>"; };
		513BEF2D2450D70500B42F5B /* TasksTable.m */ = {isa = PBXFileReference; lastKnownFileType = sourcecode.c.objc; path = TasksTable.m; sourceTree = "<group>"; };
		513BEF2F2450EFCB00B42F5B /* User.h */ = {isa = PBXFileReference; lastKnownFileType = sourcecode.c.h; path = User.h; sourceTree = "<group>"; };
		513BEF302450EFCB00B42F5B /* User.m */ = {isa = PBXFileReference; lastKnownFileType = sourcecode.c.objc; path = User.m; sourceTree = "<group>"; };
		51EF16C824476F0E004B27D0 /* Clerk.app */ = {isa = PBXFileReference; explicitFileType = wrapper.application; includeInIndex = 0; path = Clerk.app; sourceTree = BUILT_PRODUCTS_DIR; };
		51EF16CB24476F0E004B27D0 /* AppDelegate.h */ = {isa = PBXFileReference; lastKnownFileType = sourcecode.c.h; path = AppDelegate.h; sourceTree = "<group>"; };
		51EF16CC24476F0E004B27D0 /* AppDelegate.m */ = {isa = PBXFileReference; lastKnownFileType = sourcecode.c.objc; path = AppDelegate.m; sourceTree = "<group>"; };
		51EF16CE24476F0E004B27D0 /* SceneDelegate.h */ = {isa = PBXFileReference; lastKnownFileType = sourcecode.c.h; path = SceneDelegate.h; sourceTree = "<group>"; };
		51EF16CF24476F0E004B27D0 /* SceneDelegate.m */ = {isa = PBXFileReference; lastKnownFileType = sourcecode.c.objc; path = SceneDelegate.m; sourceTree = "<group>"; };
		51EF16D124476F0E004B27D0 /* MainViewController.h */ = {isa = PBXFileReference; lastKnownFileType = sourcecode.c.h; path = MainViewController.h; sourceTree = "<group>"; };
		51EF16D224476F0E004B27D0 /* MainViewController.m */ = {isa = PBXFileReference; lastKnownFileType = sourcecode.c.objc; path = MainViewController.m; sourceTree = "<group>"; };
		51EF16D524476F0E004B27D0 /* Base */ = {isa = PBXFileReference; lastKnownFileType = file.storyboard; name = Base; path = Base.lproj/Main.storyboard; sourceTree = "<group>"; };
		51EF16D724476F11004B27D0 /* Assets.xcassets */ = {isa = PBXFileReference; lastKnownFileType = folder.assetcatalog; path = Assets.xcassets; sourceTree = "<group>"; };
		51EF16DA24476F11004B27D0 /* Base */ = {isa = PBXFileReference; lastKnownFileType = file.storyboard; name = Base; path = Base.lproj/LaunchScreen.storyboard; sourceTree = "<group>"; };
		51EF16DC24476F11004B27D0 /* Info.plist */ = {isa = PBXFileReference; lastKnownFileType = text.plist.xml; path = Info.plist; sourceTree = "<group>"; };
		51EF16DD24476F11004B27D0 /* main.m */ = {isa = PBXFileReference; lastKnownFileType = sourcecode.c.objc; path = main.m; sourceTree = "<group>"; };
		51EF16E324476F11004B27D0 /* ClerkTests.xctest */ = {isa = PBXFileReference; explicitFileType = wrapper.cfbundle; includeInIndex = 0; path = ClerkTests.xctest; sourceTree = BUILT_PRODUCTS_DIR; };
		51EF16E724476F11004B27D0 /* ClerkTests.m */ = {isa = PBXFileReference; lastKnownFileType = sourcecode.c.objc; path = ClerkTests.m; sourceTree = "<group>"; };
		51EF16E924476F11004B27D0 /* Info.plist */ = {isa = PBXFileReference; lastKnownFileType = text.plist.xml; path = Info.plist; sourceTree = "<group>"; };
		51EF16EE24476F11004B27D0 /* ClerkUITests.xctest */ = {isa = PBXFileReference; explicitFileType = wrapper.cfbundle; includeInIndex = 0; path = ClerkUITests.xctest; sourceTree = BUILT_PRODUCTS_DIR; };
		51EF16F224476F11004B27D0 /* ClerkUITests.m */ = {isa = PBXFileReference; lastKnownFileType = sourcecode.c.objc; path = ClerkUITests.m; sourceTree = "<group>"; };
		51EF16F424476F11004B27D0 /* Info.plist */ = {isa = PBXFileReference; lastKnownFileType = text.plist.xml; path = Info.plist; sourceTree = "<group>"; };
		51F8981B24536FA800F1A817 /* FastSegue.h */ = {isa = PBXFileReference; lastKnownFileType = sourcecode.c.h; path = FastSegue.h; sourceTree = "<group>"; };
		51F8981C24536FA800F1A817 /* FastSegue.m */ = {isa = PBXFileReference; lastKnownFileType = sourcecode.c.objc; path = FastSegue.m; sourceTree = "<group>"; };
		51F8981E2453700400F1A817 /* TabViewController.h */ = {isa = PBXFileReference; lastKnownFileType = sourcecode.c.h; path = TabViewController.h; sourceTree = "<group>"; };
		51F8981F2453700400F1A817 /* TabViewController.m */ = {isa = PBXFileReference; lastKnownFileType = sourcecode.c.objc; path = TabViewController.m; sourceTree = "<group>"; };
		51FF7FBD245D1E1F003A0A45 /* IndividualTabViewController.h */ = {isa = PBXFileReference; lastKnownFileType = sourcecode.c.h; path = IndividualTabViewController.h; sourceTree = "<group>"; };
		51FF7FBE245D1E1F003A0A45 /* IndividualTabViewController.m */ = {isa = PBXFileReference; lastKnownFileType = sourcecode.c.objc; path = IndividualTabViewController.m; sourceTree = "<group>"; };
		51FF7FC0245D393A003A0A45 /* TaskContainerViewController.h */ = {isa = PBXFileReference; lastKnownFileType = sourcecode.c.h; path = TaskContainerViewController.h; sourceTree = "<group>"; };
		51FF7FC1245D393A003A0A45 /* TaskContainerViewController.m */ = {isa = PBXFileReference; lastKnownFileType = sourcecode.c.objc; path = TaskContainerViewController.m; sourceTree = "<group>"; };
		51FF7FC3245DCE46003A0A45 /* NotesContainerViewController.h */ = {isa = PBXFileReference; lastKnownFileType = sourcecode.c.h; path = NotesContainerViewController.h; sourceTree = "<group>"; };
		51FF7FC4245DCE46003A0A45 /* NotesContainerViewController.m */ = {isa = PBXFileReference; lastKnownFileType = sourcecode.c.objc; path = NotesContainerViewController.m; sourceTree = "<group>"; };
		51FF7FC6245DD173003A0A45 /* Note.h */ = {isa = PBXFileReference; lastKnownFileType = sourcecode.c.h; path = Note.h; sourceTree = "<group>"; };
		51FF7FC7245DD173003A0A45 /* Note.m */ = {isa = PBXFileReference; lastKnownFileType = sourcecode.c.objc; path = Note.m; sourceTree = "<group>"; };
		51FF7FC9245DDEF7003A0A45 /* NewNoteContainerViewController.h */ = {isa = PBXFileReference; lastKnownFileType = sourcecode.c.h; path = NewNoteContainerViewController.h; sourceTree = "<group>"; };
		51FF7FCA245DDEF7003A0A45 /* NewNoteContainerViewController.m */ = {isa = PBXFileReference; lastKnownFileType = sourcecode.c.objc; path = NewNoteContainerViewController.m; sourceTree = "<group>"; };
/* End PBXFileReference section */

/* Begin PBXFrameworksBuildPhase section */
		51EF16C524476F0E004B27D0 /* Frameworks */ = {
			isa = PBXFrameworksBuildPhase;
			buildActionMask = 2147483647;
			files = (
			);
			runOnlyForDeploymentPostprocessing = 0;
		};
		51EF16E024476F11004B27D0 /* Frameworks */ = {
			isa = PBXFrameworksBuildPhase;
			buildActionMask = 2147483647;
			files = (
			);
			runOnlyForDeploymentPostprocessing = 0;
		};
		51EF16EB24476F11004B27D0 /* Frameworks */ = {
			isa = PBXFrameworksBuildPhase;
			buildActionMask = 2147483647;
			files = (
			);
			runOnlyForDeploymentPostprocessing = 0;
		};
/* End PBXFrameworksBuildPhase section */

/* Begin PBXGroup section */
		51EF16BF24476F0E004B27D0 = {
			isa = PBXGroup;
			children = (
				51EF16CA24476F0E004B27D0 /* Clerk */,
				51EF16E624476F11004B27D0 /* ClerkTests */,
				51EF16F124476F11004B27D0 /* ClerkUITests */,
				51EF16C924476F0E004B27D0 /* Products */,
			);
			sourceTree = "<group>";
		};
		51EF16C924476F0E004B27D0 /* Products */ = {
			isa = PBXGroup;
			children = (
				51EF16C824476F0E004B27D0 /* Clerk.app */,
				51EF16E324476F11004B27D0 /* ClerkTests.xctest */,
				51EF16EE24476F11004B27D0 /* ClerkUITests.xctest */,
			);
			name = Products;
			sourceTree = "<group>";
		};
		51EF16CA24476F0E004B27D0 /* Clerk */ = {
			isa = PBXGroup;
			children = (
				513BEF24244F3E9C00B42F5B /* Task.m */,
				513BEF23244F3E9C00B42F5B /* Task.h */,
				51EF16CB24476F0E004B27D0 /* AppDelegate.h */,
				51EF16CC24476F0E004B27D0 /* AppDelegate.m */,
				51EF16CE24476F0E004B27D0 /* SceneDelegate.h */,
				51EF16CF24476F0E004B27D0 /* SceneDelegate.m */,
				51EF16D124476F0E004B27D0 /* MainViewController.h */,
				51EF16D224476F0E004B27D0 /* MainViewController.m */,
				51EF16D424476F0E004B27D0 /* Main.storyboard */,
				51EF16D724476F11004B27D0 /* Assets.xcassets */,
				51EF16D924476F11004B27D0 /* LaunchScreen.storyboard */,
				51EF16DC24476F11004B27D0 /* Info.plist */,
				51EF16DD24476F11004B27D0 /* main.m */,
				513BEF26244FA10400B42F5B /* Tab.h */,
				513BEF27244FA10400B42F5B /* Tab.m */,
				513BEF2C2450D70500B42F5B /* TasksTable.h */,
				513BEF2D2450D70500B42F5B /* TasksTable.m */,
				513BEF2F2450EFCB00B42F5B /* User.h */,
				513BEF302450EFCB00B42F5B /* User.m */,
				51F8981B24536FA800F1A817 /* FastSegue.h */,
				51F8981C24536FA800F1A817 /* FastSegue.m */,
				51F8981E2453700400F1A817 /* TabViewController.h */,
				51F8981F2453700400F1A817 /* TabViewController.m */,
				51FF7FBD245D1E1F003A0A45 /* IndividualTabViewController.h */,
				51FF7FBE245D1E1F003A0A45 /* IndividualTabViewController.m */,
				51FF7FC0245D393A003A0A45 /* TaskContainerViewController.h */,
				51FF7FC1245D393A003A0A45 /* TaskContainerViewController.m */,
				51FF7FC3245DCE46003A0A45 /* NotesContainerViewController.h */,
				51FF7FC4245DCE46003A0A45 /* NotesContainerViewController.m */,
				51FF7FC6245DD173003A0A45 /* Note.h */,
				51FF7FC7245DD173003A0A45 /* Note.m */,
				51FF7FC9245DDEF7003A0A45 /* NewNoteContainerViewController.h */,
				51FF7FCA245DDEF7003A0A45 /* NewNoteContainerViewController.m */,
			);
			path = Clerk;
			sourceTree = "<group>";
		};
		51EF16E624476F11004B27D0 /* ClerkTests */ = {
			isa = PBXGroup;
			children = (
				51EF16E724476F11004B27D0 /* ClerkTests.m */,
				51EF16E924476F11004B27D0 /* Info.plist */,
			);
			path = ClerkTests;
			sourceTree = "<group>";
		};
		51EF16F124476F11004B27D0 /* ClerkUITests */ = {
			isa = PBXGroup;
			children = (
				51EF16F224476F11004B27D0 /* ClerkUITests.m */,
				51EF16F424476F11004B27D0 /* Info.plist */,
			);
			path = ClerkUITests;
			sourceTree = "<group>";
		};
/* End PBXGroup section */

/* Begin PBXNativeTarget section */
		51EF16C724476F0E004B27D0 /* Clerk */ = {
			isa = PBXNativeTarget;
			buildConfigurationList = 51EF16F724476F11004B27D0 /* Build configuration list for PBXNativeTarget "Clerk" */;
			buildPhases = (
				51EF16C424476F0E004B27D0 /* Sources */,
				51EF16C524476F0E004B27D0 /* Frameworks */,
				51EF16C624476F0E004B27D0 /* Resources */,
			);
			buildRules = (
			);
			dependencies = (
			);
			name = Clerk;
			productName = Clerk;
			productReference = 51EF16C824476F0E004B27D0 /* Clerk.app */;
			productType = "com.apple.product-type.application";
		};
		51EF16E224476F11004B27D0 /* ClerkTests */ = {
			isa = PBXNativeTarget;
			buildConfigurationList = 51EF16FA24476F11004B27D0 /* Build configuration list for PBXNativeTarget "ClerkTests" */;
			buildPhases = (
				51EF16DF24476F11004B27D0 /* Sources */,
				51EF16E024476F11004B27D0 /* Frameworks */,
				51EF16E124476F11004B27D0 /* Resources */,
			);
			buildRules = (
			);
			dependencies = (
				51EF16E524476F11004B27D0 /* PBXTargetDependency */,
			);
			name = ClerkTests;
			productName = ClerkTests;
			productReference = 51EF16E324476F11004B27D0 /* ClerkTests.xctest */;
			productType = "com.apple.product-type.bundle.unit-test";
		};
		51EF16ED24476F11004B27D0 /* ClerkUITests */ = {
			isa = PBXNativeTarget;
			buildConfigurationList = 51EF16FD24476F11004B27D0 /* Build configuration list for PBXNativeTarget "ClerkUITests" */;
			buildPhases = (
				51EF16EA24476F11004B27D0 /* Sources */,
				51EF16EB24476F11004B27D0 /* Frameworks */,
				51EF16EC24476F11004B27D0 /* Resources */,
			);
			buildRules = (
			);
			dependencies = (
				51EF16F024476F11004B27D0 /* PBXTargetDependency */,
			);
			name = ClerkUITests;
			productName = ClerkUITests;
			productReference = 51EF16EE24476F11004B27D0 /* ClerkUITests.xctest */;
			productType = "com.apple.product-type.bundle.ui-testing";
		};
/* End PBXNativeTarget section */

/* Begin PBXProject section */
		51EF16C024476F0E004B27D0 /* Project object */ = {
			isa = PBXProject;
			attributes = {
				LastUpgradeCheck = 1130;
				ORGANIZATIONNAME = "Robert Taddeo";
				TargetAttributes = {
					51EF16C724476F0E004B27D0 = {
						CreatedOnToolsVersion = 11.3.1;
					};
					51EF16E224476F11004B27D0 = {
						CreatedOnToolsVersion = 11.3.1;
						TestTargetID = 51EF16C724476F0E004B27D0;
					};
					51EF16ED24476F11004B27D0 = {
						CreatedOnToolsVersion = 11.3.1;
						TestTargetID = 51EF16C724476F0E004B27D0;
					};
				};
			};
			buildConfigurationList = 51EF16C324476F0E004B27D0 /* Build configuration list for PBXProject "Clerk" */;
			compatibilityVersion = "Xcode 9.3";
			developmentRegion = en;
			hasScannedForEncodings = 0;
			knownRegions = (
				en,
				Base,
			);
			mainGroup = 51EF16BF24476F0E004B27D0;
			productRefGroup = 51EF16C924476F0E004B27D0 /* Products */;
			projectDirPath = "";
			projectRoot = "";
			targets = (
				51EF16C724476F0E004B27D0 /* Clerk */,
				51EF16E224476F11004B27D0 /* ClerkTests */,
				51EF16ED24476F11004B27D0 /* ClerkUITests */,
			);
		};
/* End PBXProject section */

/* Begin PBXResourcesBuildPhase section */
		51EF16C624476F0E004B27D0 /* Resources */ = {
			isa = PBXResourcesBuildPhase;
			buildActionMask = 2147483647;
			files = (
				51EF16DB24476F11004B27D0 /* LaunchScreen.storyboard in Resources */,
				51EF16D824476F11004B27D0 /* Assets.xcassets in Resources */,
				51EF16D624476F0E004B27D0 /* Main.storyboard in Resources */,
			);
			runOnlyForDeploymentPostprocessing = 0;
		};
		51EF16E124476F11004B27D0 /* Resources */ = {
			isa = PBXResourcesBuildPhase;
			buildActionMask = 2147483647;
			files = (
			);
			runOnlyForDeploymentPostprocessing = 0;
		};
		51EF16EC24476F11004B27D0 /* Resources */ = {
			isa = PBXResourcesBuildPhase;
			buildActionMask = 2147483647;
			files = (
			);
			runOnlyForDeploymentPostprocessing = 0;
		};
/* End PBXResourcesBuildPhase section */

/* Begin PBXSourcesBuildPhase section */
		51EF16C424476F0E004B27D0 /* Sources */ = {
			isa = PBXSourcesBuildPhase;
			buildActionMask = 2147483647;
			files = (
				51F8981D24536FA800F1A817 /* FastSegue.m in Sources */,
				51FF7FC2245D393A003A0A45 /* TaskContainerViewController.m in Sources */,
				513BEF312450EFCB00B42F5B /* User.m in Sources */,
				51FF7FC5245DCE46003A0A45 /* NotesContainerViewController.m in Sources */,
				513BEF25244F3E9C00B42F5B /* Task.m in Sources */,
				51FF7FC8245DD173003A0A45 /* Note.m in Sources */,
				51EF16D324476F0E004B27D0 /* MainViewController.m in Sources */,
				51F898202453700400F1A817 /* TabViewController.m in Sources */,
				51EF16CD24476F0E004B27D0 /* AppDelegate.m in Sources */,
				513BEF28244FA10400B42F5B /* Tab.m in Sources */,
				51FF7FCB245DDEF7003A0A45 /* NewNoteContainerViewController.m in Sources */,
				51EF16DE24476F11004B27D0 /* main.m in Sources */,
				513BEF2E2450D70500B42F5B /* TasksTable.m in Sources */,
				51FF7FBF245D1E1F003A0A45 /* IndividualTabViewController.m in Sources */,
				51EF16D024476F0E004B27D0 /* SceneDelegate.m in Sources */,
			);
			runOnlyForDeploymentPostprocessing = 0;
		};
		51EF16DF24476F11004B27D0 /* Sources */ = {
			isa = PBXSourcesBuildPhase;
			buildActionMask = 2147483647;
			files = (
				51EF16E824476F11004B27D0 /* ClerkTests.m in Sources */,
			);
			runOnlyForDeploymentPostprocessing = 0;
		};
		51EF16EA24476F11004B27D0 /* Sources */ = {
			isa = PBXSourcesBuildPhase;
			buildActionMask = 2147483647;
			files = (
				51EF16F324476F11004B27D0 /* ClerkUITests.m in Sources */,
			);
			runOnlyForDeploymentPostprocessing = 0;
		};
/* End PBXSourcesBuildPhase section */

/* Begin PBXTargetDependency section */
		51EF16E524476F11004B27D0 /* PBXTargetDependency */ = {
			isa = PBXTargetDependency;
			target = 51EF16C724476F0E004B27D0 /* Clerk */;
			targetProxy = 51EF16E424476F11004B27D0 /* PBXContainerItemProxy */;
		};
		51EF16F024476F11004B27D0 /* PBXTargetDependency */ = {
			isa = PBXTargetDependency;
			target = 51EF16C724476F0E004B27D0 /* Clerk */;
			targetProxy = 51EF16EF24476F11004B27D0 /* PBXContainerItemProxy */;
		};
/* End PBXTargetDependency section */

/* Begin PBXVariantGroup section */
		51EF16D424476F0E004B27D0 /* Main.storyboard */ = {
			isa = PBXVariantGroup;
			children = (
				51EF16D524476F0E004B27D0 /* Base */,
			);
			name = Main.storyboard;
			sourceTree = "<group>";
		};
		51EF16D924476F11004B27D0 /* LaunchScreen.storyboard */ = {
			isa = PBXVariantGroup;
			children = (
				51EF16DA24476F11004B27D0 /* Base */,
			);
			name = LaunchScreen.storyboard;
			sourceTree = "<group>";
		};
/* End PBXVariantGroup section */

/* Begin XCBuildConfiguration section */
		51EF16F524476F11004B27D0 /* Debug */ = {
			isa = XCBuildConfiguration;
			buildSettings = {
				ALWAYS_SEARCH_USER_PATHS = NO;
				CLANG_ANALYZER_NONNULL = YES;
				CLANG_ANALYZER_NUMBER_OBJECT_CONVERSION = YES_AGGRESSIVE;
				CLANG_CXX_LANGUAGE_STANDARD = "gnu++14";
				CLANG_CXX_LIBRARY = "libc++";
				CLANG_ENABLE_MODULES = YES;
				CLANG_ENABLE_OBJC_ARC = YES;
				CLANG_ENABLE_OBJC_WEAK = YES;
				CLANG_WARN_BLOCK_CAPTURE_AUTORELEASING = YES;
				CLANG_WARN_BOOL_CONVERSION = YES;
				CLANG_WARN_COMMA = YES;
				CLANG_WARN_CONSTANT_CONVERSION = YES;
				CLANG_WARN_DEPRECATED_OBJC_IMPLEMENTATIONS = YES;
				CLANG_WARN_DIRECT_OBJC_ISA_USAGE = YES_ERROR;
				CLANG_WARN_DOCUMENTATION_COMMENTS = YES;
				CLANG_WARN_EMPTY_BODY = YES;
				CLANG_WARN_ENUM_CONVERSION = YES;
				CLANG_WARN_INFINITE_RECURSION = YES;
				CLANG_WARN_INT_CONVERSION = YES;
				CLANG_WARN_NON_LITERAL_NULL_CONVERSION = YES;
				CLANG_WARN_OBJC_IMPLICIT_RETAIN_SELF = YES;
				CLANG_WARN_OBJC_LITERAL_CONVERSION = YES;
				CLANG_WARN_OBJC_ROOT_CLASS = YES_ERROR;
				CLANG_WARN_RANGE_LOOP_ANALYSIS = YES;
				CLANG_WARN_STRICT_PROTOTYPES = YES;
				CLANG_WARN_SUSPICIOUS_MOVE = YES;
				CLANG_WARN_UNGUARDED_AVAILABILITY = YES_AGGRESSIVE;
				CLANG_WARN_UNREACHABLE_CODE = YES;
				CLANG_WARN__DUPLICATE_METHOD_MATCH = YES;
				COPY_PHASE_STRIP = NO;
				DEBUG_INFORMATION_FORMAT = dwarf;
				ENABLE_STRICT_OBJC_MSGSEND = YES;
				ENABLE_TESTABILITY = YES;
				GCC_C_LANGUAGE_STANDARD = gnu11;
				GCC_DYNAMIC_NO_PIC = NO;
				GCC_NO_COMMON_BLOCKS = YES;
				GCC_OPTIMIZATION_LEVEL = 0;
				GCC_PREPROCESSOR_DEFINITIONS = (
					"DEBUG=1",
					"$(inherited)",
				);
				GCC_WARN_64_TO_32_BIT_CONVERSION = YES;
				GCC_WARN_ABOUT_RETURN_TYPE = YES_ERROR;
				GCC_WARN_UNDECLARED_SELECTOR = YES;
				GCC_WARN_UNINITIALIZED_AUTOS = YES_AGGRESSIVE;
				GCC_WARN_UNUSED_FUNCTION = YES;
				GCC_WARN_UNUSED_VARIABLE = YES;
				IPHONEOS_DEPLOYMENT_TARGET = 13.2;
				MTL_ENABLE_DEBUG_INFO = INCLUDE_SOURCE;
				MTL_FAST_MATH = YES;
				ONLY_ACTIVE_ARCH = YES;
				SDKROOT = iphoneos;
			};
			name = Debug;
		};
		51EF16F624476F11004B27D0 /* Release */ = {
			isa = XCBuildConfiguration;
			buildSettings = {
				ALWAYS_SEARCH_USER_PATHS = NO;
				CLANG_ANALYZER_NONNULL = YES;
				CLANG_ANALYZER_NUMBER_OBJECT_CONVERSION = YES_AGGRESSIVE;
				CLANG_CXX_LANGUAGE_STANDARD = "gnu++14";
				CLANG_CXX_LIBRARY = "libc++";
				CLANG_ENABLE_MODULES = YES;
				CLANG_ENABLE_OBJC_ARC = YES;
				CLANG_ENABLE_OBJC_WEAK = YES;
				CLANG_WARN_BLOCK_CAPTURE_AUTORELEASING = YES;
				CLANG_WARN_BOOL_CONVERSION = YES;
				CLANG_WARN_COMMA = YES;
				CLANG_WARN_CONSTANT_CONVERSION = YES;
				CLANG_WARN_DEPRECATED_OBJC_IMPLEMENTATIONS = YES;
				CLANG_WARN_DIRECT_OBJC_ISA_USAGE = YES_ERROR;
				CLANG_WARN_DOCUMENTATION_COMMENTS = YES;
				CLANG_WARN_EMPTY_BODY = YES;
				CLANG_WARN_ENUM_CONVERSION = YES;
				CLANG_WARN_INFINITE_RECURSION = YES;
				CLANG_WARN_INT_CONVERSION = YES;
				CLANG_WARN_NON_LITERAL_NULL_CONVERSION = YES;
				CLANG_WARN_OBJC_IMPLICIT_RETAIN_SELF = YES;
				CLANG_WARN_OBJC_LITERAL_CONVERSION = YES;
				CLANG_WARN_OBJC_ROOT_CLASS = YES_ERROR;
				CLANG_WARN_RANGE_LOOP_ANALYSIS = YES;
				CLANG_WARN_STRICT_PROTOTYPES = YES;
				CLANG_WARN_SUSPICIOUS_MOVE = YES;
				CLANG_WARN_UNGUARDED_AVAILABILITY = YES_AGGRESSIVE;
				CLANG_WARN_UNREACHABLE_CODE = YES;
				CLANG_WARN__DUPLICATE_METHOD_MATCH = YES;
				COPY_PHASE_STRIP = NO;
				DEBUG_INFORMATION_FORMAT = "dwarf-with-dsym";
				ENABLE_NS_ASSERTIONS = NO;
				ENABLE_STRICT_OBJC_MSGSEND = YES;
				GCC_C_LANGUAGE_STANDARD = gnu11;
				GCC_NO_COMMON_BLOCKS = YES;
				GCC_WARN_64_TO_32_BIT_CONVERSION = YES;
				GCC_WARN_ABOUT_RETURN_TYPE = YES_ERROR;
				GCC_WARN_UNDECLARED_SELECTOR = YES;
				GCC_WARN_UNINITIALIZED_AUTOS = YES_AGGRESSIVE;
				GCC_WARN_UNUSED_FUNCTION = YES;
				GCC_WARN_UNUSED_VARIABLE = YES;
				IPHONEOS_DEPLOYMENT_TARGET = 13.2;
				MTL_ENABLE_DEBUG_INFO = NO;
				MTL_FAST_MATH = YES;
				SDKROOT = iphoneos;
				VALIDATE_PRODUCT = YES;
			};
			name = Release;
		};
		51EF16F824476F11004B27D0 /* Debug */ = {
			isa = XCBuildConfiguration;
			buildSettings = {
				ASSETCATALOG_COMPILER_APPICON_NAME = AppIcon;
				CODE_SIGN_STYLE = Automatic;
				DEVELOPMENT_TEAM = 7TJ64XDD66;
				INFOPLIST_FILE = Clerk/Info.plist;
				LD_RUNPATH_SEARCH_PATHS = (
					"$(inherited)",
					"@executable_path/Frameworks",
				);
				PRODUCT_BUNDLE_IDENTIFIER = "Robert-Taddeo.Clerk";
				PRODUCT_NAME = "$(TARGET_NAME)";
				TARGETED_DEVICE_FAMILY = "1,2";
			};
			name = Debug;
		};
		51EF16F924476F11004B27D0 /* Release */ = {
			isa = XCBuildConfiguration;
			buildSettings = {
				ASSETCATALOG_COMPILER_APPICON_NAME = AppIcon;
				CODE_SIGN_STYLE = Automatic;
				DEVELOPMENT_TEAM = 7TJ64XDD66;
				INFOPLIST_FILE = Clerk/Info.plist;
				LD_RUNPATH_SEARCH_PATHS = (
					"$(inherited)",
					"@executable_path/Frameworks",
				);
				PRODUCT_BUNDLE_IDENTIFIER = "Robert-Taddeo.Clerk";
				PRODUCT_NAME = "$(TARGET_NAME)";
				TARGETED_DEVICE_FAMILY = "1,2";
			};
			name = Release;
		};
		51EF16FB24476F11004B27D0 /* Debug */ = {
			isa = XCBuildConfiguration;
			buildSettings = {
				BUNDLE_LOADER = "$(TEST_HOST)";
				CODE_SIGN_STYLE = Automatic;
				DEVELOPMENT_TEAM = 7TJ64XDD66;
				INFOPLIST_FILE = ClerkTests/Info.plist;
				IPHONEOS_DEPLOYMENT_TARGET = 13.2;
				LD_RUNPATH_SEARCH_PATHS = (
					"$(inherited)",
					"@executable_path/Frameworks",
					"@loader_path/Frameworks",
				);
				PRODUCT_BUNDLE_IDENTIFIER = "Robert-Taddeo.ClerkTests";
				PRODUCT_NAME = "$(TARGET_NAME)";
				TARGETED_DEVICE_FAMILY = "1,2";
				TEST_HOST = "$(BUILT_PRODUCTS_DIR)/Clerk.app/Clerk";
			};
			name = Debug;
		};
		51EF16FC24476F11004B27D0 /* Release */ = {
			isa = XCBuildConfiguration;
			buildSettings = {
				BUNDLE_LOADER = "$(TEST_HOST)";
				CODE_SIGN_STYLE = Automatic;
				DEVELOPMENT_TEAM = 7TJ64XDD66;
				INFOPLIST_FILE = ClerkTests/Info.plist;
				IPHONEOS_DEPLOYMENT_TARGET = 13.2;
				LD_RUNPATH_SEARCH_PATHS = (
					"$(inherited)",
					"@executable_path/Frameworks",
					"@loader_path/Frameworks",
				);
				PRODUCT_BUNDLE_IDENTIFIER = "Robert-Taddeo.ClerkTests";
				PRODUCT_NAME = "$(TARGET_NAME)";
				TARGETED_DEVICE_FAMILY = "1,2";
				TEST_HOST = "$(BUILT_PRODUCTS_DIR)/Clerk.app/Clerk";
			};
			name = Release;
		};
		51EF16FE24476F11004B27D0 /* Debug */ = {
			isa = XCBuildConfiguration;
			buildSettings = {
				CODE_SIGN_STYLE = Automatic;
				DEVELOPMENT_TEAM = 7TJ64XDD66;
				INFOPLIST_FILE = ClerkUITests/Info.plist;
				LD_RUNPATH_SEARCH_PATHS = (
					"$(inherited)",
					"@executable_path/Frameworks",
					"@loader_path/Frameworks",
				);
				PRODUCT_BUNDLE_IDENTIFIER = "Robert-Taddeo.ClerkUITests";
				PRODUCT_NAME = "$(TARGET_NAME)";
				TARGETED_DEVICE_FAMILY = "1,2";
				TEST_TARGET_NAME = Clerk;
			};
			name = Debug;
		};
		51EF16FF24476F11004B27D0 /* Release */ = {
			isa = XCBuildConfiguration;
			buildSettings = {
				CODE_SIGN_STYLE = Automatic;
				DEVELOPMENT_TEAM = 7TJ64XDD66;
				INFOPLIST_FILE = ClerkUITests/Info.plist;
				LD_RUNPATH_SEARCH_PATHS = (
					"$(inherited)",
					"@executable_path/Frameworks",
					"@loader_path/Frameworks",
				);
				PRODUCT_BUNDLE_IDENTIFIER = "Robert-Taddeo.ClerkUITests";
				PRODUCT_NAME = "$(TARGET_NAME)";
				TARGETED_DEVICE_FAMILY = "1,2";
				TEST_TARGET_NAME = Clerk;
			};
			name = Release;
		};
/* End XCBuildConfiguration section */

/* Begin XCConfigurationList section */
		51EF16C324476F0E004B27D0 /* Build configuration list for PBXProject "Clerk" */ = {
			isa = XCConfigurationList;
			buildConfigurations = (
				51EF16F524476F11004B27D0 /* Debug */,
				51EF16F624476F11004B27D0 /* Release */,
			);
			defaultConfigurationIsVisible = 0;
			defaultConfigurationName = Release;
		};
		51EF16F724476F11004B27D0 /* Build configuration list for PBXNativeTarget "Clerk" */ = {
			isa = XCConfigurationList;
			buildConfigurations = (
				51EF16F824476F11004B27D0 /* Debug */,
				51EF16F924476F11004B27D0 /* Release */,
			);
			defaultConfigurationIsVisible = 0;
			defaultConfigurationName = Release;
		};
		51EF16FA24476F11004B27D0 /* Build configuration list for PBXNativeTarget "ClerkTests" */ = {
			isa = XCConfigurationList;
			buildConfigurations = (
				51EF16FB24476F11004B27D0 /* Debug */,
				51EF16FC24476F11004B27D0 /* Release */,
			);
			defaultConfigurationIsVisible = 0;
			defaultConfigurationName = Release;
		};
		51EF16FD24476F11004B27D0 /* Build configuration list for PBXNativeTarget "ClerkUITests" */ = {
			isa = XCConfigurationList;
			buildConfigurations = (
				51EF16FE24476F11004B27D0 /* Debug */,
				51EF16FF24476F11004B27D0 /* Release */,
			);
			defaultConfigurationIsVisible = 0;
			defaultConfigurationName = Release;
		};
/* End XCConfigurationList section */
	};
	rootObject = 51EF16C024476F0E004B27D0 /* Project object */;
}
